Microsoft Visual Studio Solution File, Format Version 12.00
# Visual Studio Version 17
VisualStudioVersion = 17.0.31903.59
MinimumVisualStudioVersion = 10.0.40219.1
Project("{66A26720-8FB5-11D2-AA7E-00C04F688DDE}") = "Solution Items", "Solution Items", "{CBACB41C-6B78-4FD8-9F3B-D7AF292A17D9}"
    ProjectSection(SolutionItems) = preProject
        .gitignore = .gitignore
        build.ps1 = build.ps1
        LICENSE = LICENSE
        README.zh-CN.md = README.zh-CN.md
        README.md = README.md
        run.ps1 = run.ps1
    EndProjectSection
EndProject
Project("{FAE04EC0-301F-11D3-BF4B-00C04F79EFBC}") = "OcctNet", "src\OcctNet\OcctNet.csproj", "{217C4D88-77AD-4A6A-BDF8-4CFE734A2DA3}"
EndProject
Project("{FAE04EC0-301F-11D3-BF4B-00C04F79EFBC}") = "OcctNet.WinForms", "src\OcctNet.WinForms\OcctNet.WinForms.csproj", "{7EA6CC4D-34D3-4A91-9C6A-CFC4E339CE58}"
EndProject
Project("{FAE04EC0-301F-11D3-BF4B-00C04F79EFBC}") = "OcctNet.Wpf", "src\OcctNet.Wpf\OcctNet.Wpf.csproj", "{B65176A4-9A31-4C15-BE31-2F4FB10EFB56}"
EndProject
Project("{FAE04EC0-301F-11D3-BF4B-00C04F79EFBC}") = "OcctNet.Avalonia", "src\OcctNet.Avalonia\OcctNet.Avalonia.csproj", "{3F67E1D2-2973-4D1E-9379-A2BC2A7E2B0C}"
EndProject
Project("{FAE04EC0-301F-11D3-BF4B-00C04F79EFBC}") = "CadCommon", "src\CadCommon\CadCommon.csproj", "{A01D0BAA-2AE2-487D-A76C-A6BD09ED92FA}"
EndProject
Project("{FAE04EC0-301F-11D3-BF4B-00C04F79EFBC}") = "CAD-Winform", "src\CadWinForms\CadWinForms.csproj", "{9FD55C83-D84B-498A-86E9-0413E8A5AE69}"
EndProject
Project("{FAE04EC0-301F-11D3-BF4B-00C04F79EFBC}") = "CAD-WPF", "src\CadWpf\CadWpf.csproj", "{FF3305BE-D770-4E1E-A730-49F67353F64E}"
EndProject
Project("{FAE04EC0-301F-11D3-BF4B-00C04F79EFBC}") = "CAD-Avalonia", "src\CadAvalonia\CadAvalonia.csproj", "{B6496B5B-10CF-45BB-8BC9-D77BD86F2E71}"
EndProject
Project("{FAE04EC0-301F-11D3-BF4B-00C04F79EFBC}") = "OcctNet.ManagedTests", "tests\OcctNet.ManagedTests\OcctNet.ManagedTests.csproj", "{D4EABF6A-2A67-49E7-9F32-0B2B50E6D095}"
EndProject
Project("{FAE04EC0-301F-11D3-BF4B-00C04F79EFBC}") = "OcctNet.Smoke", "tests\OcctNet.Smoke\OcctNet.Smoke.csproj", "{A5E5B359-A6C0-40AE-8F83-ADCF59BC9F6E}"
EndProject
Global
    GlobalSection(SolutionConfigurationPlatforms) = preSolution
        Debug|x64 = Debug|x64
        Release|x64 = Release|x64
    EndGlobalSection
    GlobalSection(ProjectConfigurationPlatforms) = postSolution
        {217C4D88-77AD-4A6A-BDF8-4CFE734A2DA3}.Debug|x64.ActiveCfg = Debug|x64
        {217C4D88-77AD-4A6A-BDF8-4CFE734A2DA3}.Debug|x64.Build.0 = Debug|x64
        {217C4D88-77AD-4A6A-BDF8-4CFE734A2DA3}.Release|x64.ActiveCfg = Release|x64
        {217C4D88-77AD-4A6A-BDF8-4CFE734A2DA3}.Release|x64.Build.0 = Release|x64
        {7EA6CC4D-34D3-4A91-9C6A-CFC4E339CE58}.Debug|x64.ActiveCfg = Debug|x64
        {7EA6CC4D-34D3-4A91-9C6A-CFC4E339CE58}.Debug|x64.Build.0 = Debug|x64
        {7EA6CC4D-34D3-4A91-9C6A-CFC4E339CE58}.Release|x64.ActiveCfg = Release|x64
        {7EA6CC4D-34D3-4A91-9C6A-CFC4E339CE58}.Release|x64.Build.0 = Release|x64
        {B65176A4-9A31-4C15-BE31-2F4FB10EFB56}.Debug|x64.ActiveCfg = Debug|x64
        {B65176A4-9A31-4C15-BE31-2F4FB10EFB56}.Debug|x64.Build.0 = Debug|x64
        {B65176A4-9A31-4C15-BE31-2F4FB10EFB56}.Release|x64.ActiveCfg = Release|x64
        {B65176A4-9A31-4C15-BE31-2F4FB10EFB56}.Release|x64.Build.0 = Release|x64
        {3F67E1D2-2973-4D1E-9379-A2BC2A7E2B0C}.Debug|x64.ActiveCfg = Debug|x64
        {3F67E1D2-2973-4D1E-9379-A2BC2A7E2B0C}.Debug|x64.Build.0 = Debug|x64
        {3F67E1D2-2973-4D1E-9379-A2BC2A7E2B0C}.Release|x64.ActiveCfg = Release|x64
        {3F67E1D2-2973-4D1E-9379-A2BC2A7E2B0C}.Release|x64.Build.0 = Release|x64
        {A01D0BAA-2AE2-487D-A76C-A6BD09ED92FA}.Debug|x64.ActiveCfg = Debug|x64
        {A01D0BAA-2AE2-487D-A76C-A6BD09ED92FA}.Debug|x64.Build.0 = Debug|x64
        {A01D0BAA-2AE2-487D-A76C-A6BD09ED92FA}.Release|x64.ActiveCfg = Release|x64
        {A01D0BAA-2AE2-487D-A76C-A6BD09ED92FA}.Release|x64.Build.0 = Release|x64
        {9FD55C83-D84B-498A-86E9-0413E8A5AE69}.Debug|x64.ActiveCfg = Debug|x64
        {9FD55C83-D84B-498A-86E9-0413E8A5AE69}.Debug|x64.Build.0 = Debug|x64
        {9FD55C83-D84B-498A-86E9-0413E8A5AE69}.Release|x64.ActiveCfg = Release|x64
        {9FD55C83-D84B-498A-86E9-0413E8A5AE69}.Release|x64.Build.0 = Release|x64
        {FF3305BE-D770-4E1E-A730-49F67353F64E}.Debug|x64.ActiveCfg = Debug|x64
        {FF3305BE-D770-4E1E-A730-49F67353F64E}.Debug|x64.Build.0 = Debug|x64
        {FF3305BE-D770-4E1E-A730-49F67353F64E}.Release|x64.ActiveCfg = Release|x64
        {FF3305BE-D770-4E1E-A730-49F67353F64E}.Release|x64.Build.0 = Release|x64
        {B6496B5B-10CF-45BB-8BC9-D77BD86F2E71}.Debug|x64.ActiveCfg = Debug|x64
        {B6496B5B-10CF-45BB-8BC9-D77BD86F2E71}.Debug|x64.Build.0 = Debug|x64
        {B6496B5B-10CF-45BB-8BC9-D77BD86F2E71}.Release|x64.ActiveCfg = Release|x64
        {B6496B5B-10CF-45BB-8BC9-D77BD86F2E71}.Release|x64.Build.0 = Release|x64
        {D4EABF6A-2A67-49E7-9F32-0B2B50E6D095}.Debug|x64.ActiveCfg = Debug|x64
        {D4EABF6A-2A67-49E7-9F32-0B2B50E6D095}.Debug|x64.Build.0 = Debug|x64
        {D4EABF6A-2A67-49E7-9F32-0B2B50E6D095}.Release|x64.ActiveCfg = Release|x64
        {D4EABF6A-2A67-49E7-9F32-0B2B50E6D095}.Release|x64.Build.0 = Release|x64
        {A5E5B359-A6C0-40AE-8F83-ADCF59BC9F6E}.Debug|x64.ActiveCfg = Debug|x64
        {A5E5B359-A6C0-40AE-8F83-ADCF59BC9F6E}.Debug|x64.Build.0 = Debug|x64
        {A5E5B359-A6C0-40AE-8F83-ADCF59BC9F6E}.Release|x64.ActiveCfg = Release|x64
        {A5E5B359-A6C0-40AE-8F83-ADCF59BC9F6E}.Release|x64.Build.0 = Release|x64
    EndGlobalSection
    GlobalSection(SolutionProperties) = preSolution
        HideSolutionNode = FALSE
    EndGlobalSection
EndGlobal
